# THIS IS AN AUTOGENERATED FILE. DO NOT EDIT THIS FILE DIRECTLY.
# yarn lockfile v1


"@middy/core@^3.0.3":
  version "3.0.3"
  resolved "https://registry.npmjs.org/@middy/core/-/core-3.0.3.tgz"
  integrity sha512-hykDL6iTjfiJpqFOtLzxn+TO9yI2SP4o9JnRU2ggYWYpH3XvNLXdB+5ClskBG56k2VlIbgCRx1jvycRwtRM2rg==

"@middy/http-error-handler@^3.0.3":
  version "3.0.3"
  resolved "https://registry.npmjs.org/@middy/http-error-handler/-/http-error-handler-3.0.3.tgz"
  integrity sha512-1CEFLGtnylVp3y1tRdgZ8TCfx4C3f7gjSHyzalzywcRC3XwXzcCh3b+1KfOTE3ypxMHkfyzz6NZYTMu/hNQaLw==
  dependencies:
    "@middy/util" "3.0.3"

"@middy/util@3.0.3":
  version "3.0.3"
  resolved "https://registry.npmjs.org/@middy/util/-/util-3.0.3.tgz"
  integrity sha512-0HbQspLv9+u6ubPds/fUCpOB3RyeyOlDWPsY3LKxJNz7AUYd+7GwZRA0v6xAveCS3OvA0JxuSs/pGZjcAhtAuw==

"@types/aws-lambda@^8.10.97":
  version "8.10.97"
  resolved "https://registry.yarnpkg.com/@types/aws-lambda/-/aws-lambda-8.10.97.tgz#9b2f2adfa63a215173a9da37604e4f65dd56cb98"
  integrity sha512-BZk3qO4R2KN8Ts3eR6CW1n8LI46UOgv1KoDZjo8J9vOQvDeX/rsrv1H0BpEAMcSqZ1mLwTEyAMtlua5tlSn0kw==

depd@2.0.0:
  version "2.0.0"
  resolved "https://registry.yarnpkg.com/depd/-/depd-2.0.0.tgz#b696163cc757560d09cf22cc8fad1571b79e76df"
  integrity sha512-g7nH6P6dyDioJogAAGprGpCtVImJhpPk/roCzdb3fIh61/s/nPsfR6onyMwkCAR/OlC3yBC0lESvUoQEAssIrw==

fsevents@*:
  version "2.3.2"
  resolved "https://registry.yarnpkg.com/fsevents/-/fsevents-2.3.2.tgz#8a526f78b8fdf4623b709e0b975c52c24c02fd1a"
  integrity sha512-xiqMQR4xAeHTuB9uWm+fFRcIOgKBMiOBP+eXiyT7jsgVCq1bkVygt00oASowB7EdtpOHaaPgKt812P9ab+DDKA==

http-errors@^2.0.0:
  version "2.0.0"
  resolved "https://registry.yarnpkg.com/http-errors/-/http-errors-2.0.0.tgz#b7774a1486ef73cf7667ac9ae0858c012c57b9d3"
  integrity sha512-FtwrG/euBzaEjYeRqOgly7G0qviiXoJWnvEH2Z1plBdXgbyjv34pHTSb9zoeHMyDy33+DWy5Wt9Wo+TURtOYSQ==
  dependencies:
    depd "2.0.0"
    inherits "2.0.4"
    setprototypeof "1.2.0"
    statuses "2.0.1"
    toidentifier "1.0.1"

inherits@2.0.4:
  version "2.0.4"
  resolved "https://registry.yarnpkg.com/inherits/-/inherits-2.0.4.tgz#0fa2c64f932917c3433a0ded55363aae37416b7c"
  integrity sha512-k/vGaX4/Yla3WzyMCvTQOXYeIHvqOKtnqBduzTHpzpQZzAskKMhZ2K+EnBiSM9zGSoIFeMpXKxa4dYeZIQqewQ==

setprototypeof@1.2.0:
  version "1.2.0"
  resolved "https://registry.yarnpkg.com/setprototypeof/-/setprototypeof-1.2.0.tgz#66c9a24a73f9fc28cbe66b09fed3d33dcaf1b424"
  integrity sha512-E5LDX7Wrp85Kil5bhZv46j8jOeboKq5JMmYM3gVGdGH8xFpPWXUMsNrlODCrkoxMEeNi/XZIwuRvY4XNwYMJpw==

statuses@2.0.1:
  version "2.0.1"
  resolved "https://registry.yarnpkg.com/statuses/-/statuses-2.0.1.tgz#55cb000ccf1d48728bd23c685a063998cf1a1b63"
  integrity sha512-RwNA9Z/7PrK06rYLIzFMlaF+l73iwpzsqRIFgbMLbTcLD6cOao82TaWefPXQvB2fOC4AjuYSEndS7N/mTCbkdQ==

toidentifier@1.0.1:
  version "1.0.1"
  resolved "https://registry.yarnpkg.com/toidentifier/-/toidentifier-1.0.1.tgz#3be34321a88a820ed1bd80dfaa33e479fbb8dd35"
  integrity sha512-o5sSPKEkg/DIQNmH43V0/uerLrpzVedkUh8tGNvaeXpfpuwjKenlSox/2O/BTlZUtEe+JG7s5YhEz608PlAHRA==

vietnam-provinces@^0.0.4:
  version "0.0.4"
  resolved "https://registry.yarnpkg.com/vietnam-provinces/-/vietnam-provinces-0.0.4.tgz#4ebb0b1a2f97a1b5f5df27b05f1bb7eefaa25732"
  integrity sha512-d97WdfZWaPUD89QTRurT3goHmbNLBCw47ttJ6f4zKQwqQjN5G13/3ykYAeCE3YyUmXN+8vbAwOxBEuks9SpZYw==
  optionalDependencies:
    fsevents "*"
